github.com/gen2brain/dlgs v0.0.0-20210324163825-f2c7498414a6 h1:4HQTMBjXkPKrr5Q18jq0N6xksnXigqJNtzZZDBFSVXE=
github.com/gen2brain/dlgs v0.0.0-20210324163825-f2c7498414a6/go.mod h1:/eFcjDXaU2THSOOqLxOPETIbHETnamk8FA/hMjhg/gU=
github.com/gopherjs/gopherjs v0.0.0-20210202160940-bed99a852dfe h1:rcf1P0fm+1l0EjG16p06mYLj9gW9X36KgdHJ/88hS4g=
github.com/gopherjs/gopherjs v0.0.0-20210202160940-bed99a852dfe/go.mod h1:wJfORRmW1u3UXTncJ5qlYoELFm8eSnnEO6hX4iZ3EWY=
